{
  "name": "twitter.js-demo-bot",
  "version": "1.0.0",
  "lockfileVersion": 2,
  "requires": true,
  "packages": {
    "": {
      "name": "twitter.js-demo-bot",
      "version": "1.0.0",
      "license": "MIT",
      "dependencies": {
        "twitter.js": "^0.10.1"
      }
    },
    "node_modules/@discordjs/collection": {
      "version": "0.2.4",
      "resolved": "https://registry.npmjs.org/@discordjs/collection/-/collection-0.2.4.tgz",
      "integrity": "sha512-PVrEJH+V6Ob0OwfagYQ/57kwt/HNEJxt5jqY4P+S3st9y29t9iokdnGMQoJXG5VEMAQIPbzu9Snw1F6yE8PdLA==",
      "engines": {
        "node": ">=16.0.0",
        "npm": ">=7.0.0"
      }
    },
    "node_modules/@sapphire/async-queue": {
      "version": "1.1.9",
      "resolved": "https://registry.npmjs.org/@sapphire/async-queue/-/async-queue-1.1.9.tgz",
      "integrity": "sha512-CbXaGwwlEMq+l1TRu01FJCvySJ1CEFKFclHT48nIfNeZXaAAmmwwy7scUKmYHPUa3GhoMp6Qr1B3eAJux6XgOQ==",
      "engines": {
        "node": ">=v14.0.0",
        "npm": ">=7.0.0"
      }
    },
    "node_modules/oauth-1.0a": {
      "version": "2.2.6",
      "resolved": "https://registry.npmjs.org/oauth-1.0a/-/oauth-1.0a-2.2.6.tgz",
      "integrity": "sha512-6bkxv3N4Gu5lty4viIcIAnq5GbxECviMBeKR3WX/q87SPQ8E8aursPZUtsXDnxCs787af09WPRBLqYrf/lwoYQ=="
    },
    "node_modules/twitter.js": {
      "version": "0.10.1",
      "resolved": "https://registry.npmjs.org/twitter.js/-/twitter.js-0.10.1.tgz",
      "integrity": "sha512-0EQc5t753TITdRRla2gjDoVjBX0zJmiT5l/u+XrAeM9HOVwe8gyyH5ZggJGsvc6Xbmx5Jrs+utNF2HOfxf21xw==",
      "dependencies": {
        "@discordjs/collection": "^0.2.1",
        "@sapphire/async-queue": "^1.1.4",
        "oauth-1.0a": "^2.2.6",
        "undici": "^4.8.1"
      },
      "engines": {
        "node": ">=16.0.0",
        "npm": ">=7.0.0"
      }
    },
    "node_modules/undici": {
      "version": "4.9.5",
      "resolved": "https://registry.npmjs.org/undici/-/undici-4.9.5.tgz",
      "integrity": "sha512-t59IFVYiMnFThboJL9izqwsDEfSbZDPZ/8iCYBCkEFLy63x9m4YaNt0E+r5+X993syC9M0W/ksusZC9YuAamMg==",
      "engines": {
        "node": ">=12.18"
      }
    }
  },
  "dependencies": {
    "@discordjs/collection": {
      "version": "0.2.4",
      "resolved": "https://registry.npmjs.org/@discordjs/collection/-/collection-0.2.4.tgz",
      "integrity": "sha512-PVrEJH+V6Ob0OwfagYQ/57kwt/HNEJxt5jqY4P+S3st9y29t9iokdnGMQoJXG5VEMAQIPbzu9Snw1F6yE8PdLA=="
    },
    "@sapphire/async-queue": {
      "version": "1.1.9",
      "resolved": "https://registry.npmjs.org/@sapphire/async-queue/-/async-queue-1.1.9.tgz",
      "integrity": "sha512-CbXaGwwlEMq+l1TRu01FJCvySJ1CEFKFclHT48nIfNeZXaAAmmwwy7scUKmYHPUa3GhoMp6Qr1B3eAJux6XgOQ=="
    },
    "oauth-1.0a": {
      "version": "2.2.6",
      "resolved": "https://registry.npmjs.org/oauth-1.0a/-/oauth-1.0a-2.2.6.tgz",
      "integrity": "sha512-6bkxv3N4Gu5lty4viIcIAnq5GbxECviMBeKR3WX/q87SPQ8E8aursPZUtsXDnxCs787af09WPRBLqYrf/lwoYQ=="
    },
    "twitter.js": {
      "version": "0.10.1",
      "resolved": "https://registry.npmjs.org/twitter.js/-/twitter.js-0.10.1.tgz",
      "integrity": "sha512-0EQc5t753TITdRRla2gjDoVjBX0zJmiT5l/u+XrAeM9HOVwe8gyyH5ZggJGsvc6Xbmx5Jrs+utNF2HOfxf21xw==",
      "requires": {
        "@discordjs/collection": "^0.2.1",
        "@sapphire/async-queue": "^1.1.4",
        "oauth-1.0a": "^2.2.6",
        "undici": "^4.8.1"
      }
    },
    "undici": {
      "version": "4.9.5",
      "resolved": "https://registry.npmjs.org/undici/-/undici-4.9.5.tgz",
      "integrity": "sha512-t59IFVYiMnFThboJL9izqwsDEfSbZDPZ/8iCYBCkEFLy63x9m4YaNt0E+r5+X993syC9M0W/ksusZC9YuAamMg=="
    }
  }
}
